
Microsoft Visual Studio Solution File, Format Version 12.00
# Visual Studio Version 16
VisualStudioVersion = 16.0.30517.126
MinimumVisualStudioVersion = 10.0.40219.1
Project("{FAE04EC0-301F-11D3-BF4B-00C04F79EFBC}") = "Proyecto", "Proyecto\Proyecto.csproj", "{183732EC-E71D-42EE-AC2D-3E0EB356F22F}"
EndProject
Global
	GlobalSection(SolutionConfigurationPlatforms) = preSolution
		Debug|Any CPU = Debug|Any CPU
		Release|Any CPU = Release|Any CPU
	EndGlobalSection
	GlobalSection(ProjectConfigurationPlatforms) = postSolution
		{183732EC-E71D-42EE-AC2D-3E0EB356F22F}.Debug|Any CPU.ActiveCfg = Debug|Any CPU
		{183732EC-E71D-42EE-AC2D-3E0EB356F22F}.Debug|Any CPU.Build.0 = Debug|Any CPU
		{183732EC-E71D-42EE-AC2D-3E0EB356F22F}.Release|Any CPU.ActiveCfg = Release|Any CPU
		{183732EC-E71D-42EE-AC2D-3E0EB356F22F}.Release|Any CPU.Build.0 = Release|Any CPU
	EndGlobalSection
	GlobalSection(SolutionProperties) = preSolution
		HideSolutionNode = FALSE
	EndGlobalSection
	GlobalSection(ExtensibilityGlobals) = postSolution
		SolutionGuid = {88295015-FFE8-4CB9-9C80-EDB2723A2FFD}
	EndGlobalSection
EndGlobal
